lockfileVersion: '9.0'

settings:
  autoInstallPeers: true
  excludeLinksFromLockfile: false

importers:

  .:
    dependencies:
      daisyui:
        specifier: ^5.7.17
        version: 5.7.17
      tailwindcss:
        specifier: ^4.3.3
        version: 4.3.3

packages:

  daisyui@5.7.17:
    resolution: {integrity: sha512-w5U5FdL9hH4/zh8eLXytWQt3c0DgHS1WDw+1yuQykT8nSIE9Vc5wkJVeDymD1JlRDLANDawvN4iIGVaxgV6Cjw==}

  tailwindcss@4.3.3:
    resolution: {integrity: sha512-gOhV3P7ufE62QDGg1zVaTgCR+EtPv92k2nIhVcVKcLmxT1sUBsQGhnZj175j+MqRt4zLF7ic+sCYjfhxMxj7YQ==}

snapshots:

  daisyui@5.7.17: {}

  tailwindcss@4.3.3: {}
